
Microsoft Visual Studio Solution File, Format Version 12.00
# Visual Studio 2013
VisualStudioVersion = 12.0.30723.0
MinimumVisualStudioVersion = 10.0.40219.1
Project("{FAE04EC0-301F-11D3-BF4B-00C04F79EFBC}") = "JakeBladt.PokerObjects", "JakeBladt.PokerObjects\JakeBladt.PokerObjects.csproj", "{B1506FBB-B34D-437B-B5B3-D169EB0F7203}"
EndProject
Global
	GlobalSection(SolutionConfigurationPlatforms) = preSolution
		Debug|Any CPU = Debug|Any CPU
		Release|Any CPU = Release|Any CPU
	EndGlobalSection
	GlobalSection(ProjectConfigurationPlatforms) = postSolution
		{B1506FBB-B34D-437B-B5B3-D169EB0F7203}.Debug|Any CPU.ActiveCfg = Debug|Any CPU
		{B1506FBB-B34D-437B-B5B3-D169EB0F7203}.Debug|Any CPU.Build.0 = Debug|Any CPU
		{B1506FBB-B34D-437B-B5B3-D169EB0F7203}.Release|Any CPU.ActiveCfg = Release|Any CPU
		{B1506FBB-B34D-437B-B5B3-D169EB0F7203}.Release|Any CPU.Build.0 = Release|Any CPU
	EndGlobalSection
	GlobalSection(SolutionProperties) = preSolution
		HideSolutionNode = FALSE
	EndGlobalSection
EndGlobal
